// !$*UTF8*$!
{
	archiveVersion = 1;
	classes = {
	};
	objectVersion = 54;
	objects = {

/* Begin PBXBuildFile section */
		128520822718634800D85A34 /* MicroChatApp.swift in Sources */ = {isa = PBXBuildFile; fileRef = 128520812718634800D85A34 /* MicroChatApp.swift */; };
		128520842718634800D85A34 /* ContentView.swift in Sources */ = {isa = PBXBuildFile; fileRef = 128520832718634800D85A34 /* ContentView.swift */; };
		128520862718634B00D85A34 /* Assets.xcassets in Resources */ = {isa = PBXBuildFile; fileRef = 128520852718634B00D85A34 /* Assets.xcassets */; };
		128520892718634B00D85A34 /* Preview Assets.xcassets in Resources */ = {isa = PBXBuildFile; fileRef = 128520882718634B00D85A34 /* Preview Assets.xcassets */; };
		12852090271869D200D85A34 /* TextFieldWithIcon.swift in Sources */ = {isa = PBXBuildFile; fileRef = 1285208F271869D200D85A34 /* TextFieldWithIcon.swift */; };
		12852092271869F100D85A34 /* MainButton.swift in Sources */ = {isa = PBXBuildFile; fileRef = 12852091271869F100D85A34 /* MainButton.swift */; };
		1285209427186C3F00D85A34 /* MessageBubble.swift in Sources */ = {isa = PBXBuildFile; fileRef = 1285209327186C3F00D85A34 /* MessageBubble.swift */; };
		12A3BC1627300A1F008FF356 /* GoogleService-Info.plist in Resources */ = {isa = PBXBuildFile; fileRef = 12A3BC1527300A1F008FF356 /* GoogleService-Info.plist */; };
		12B31D342719A43600A8F5FA /* ChatView.swift in Sources */ = {isa = PBXBuildFile; fileRef = 12B31D332719A43600A8F5FA /* ChatView.swift */; };
		12B31D362719A70100A8F5FA /* MessagesView.swift in Sources */ = {isa = PBXBuildFile; fileRef = 12B31D352719A70100A8F5FA /* MessagesView.swift */; };
		12D9CAEE271D9D3E00534BDA /* ConversationsView.swift in Sources */ = {isa = PBXBuildFile; fileRef = 12D9CAED271D9D3E00534BDA /* ConversationsView.swift */; };
		FA093F861E6492524B665187 /* Pods_MicroChat.framework in Frameworks */ = {isa = PBXBuildFile; fileRef = D481B4FA6349F0E9A22FBF68 /* Pods_MicroChat.framework */; };
/* End PBXBuildFile section */

/* Begin PBXFileReference section */
		1285207E2718634800D85A34 /* MicroChat.app */ = {isa = PBXFileReference; explicitFileType = wrapper.application; includeInIndex = 0; path = MicroChat.app; sourceTree = BUILT_PRODUCTS_DIR; };
		128520812718634800D85A34 /* MicroChatApp.swift */ = {isa = PBXFileReference; lastKnownFileType = sourcecode.swift; path = MicroChatApp.swift; sourceTree = "<group>"; };
		128520832718634800D85A34 /* ContentView.swift */ = {isa = PBXFileReference; lastKnownFileType = sourcecode.swift; path = ContentView.swift; sourceTree = "<group>"; };
		128520852718634B00D85A34 /* Assets.xcassets */ = {isa = PBXFileReference; lastKnownFileType = folder.assetcatalog; path = Assets.xcassets; sourceTree = "<group>"; };
		128520882718634B00D85A34 /* Preview Assets.xcassets */ = {isa = PBXFileReference; lastKnownFileType = folder.assetcatalog; path = "Preview Assets.xcassets"; sourceTree = "<group>"; };
		1285208F271869D200D85A34 /* TextFieldWithIcon.swift */ = {isa = PBXFileReference; lastKnownFileType = sourcecode.swift; path = TextFieldWithIcon.swift; sourceTree = "<group>"; };
		12852091271869F100D85A34 /* MainButton.swift */ = {isa = PBXFileReference; lastKnownFileType = sourcecode.swift; path = MainButton.swift; sourceTree = "<group>"; };
		1285209327186C3F00D85A34 /* MessageBubble.swift */ = {isa = PBXFileReference; lastKnownFileType = sourcecode.swift; path = MessageBubble.swift; sourceTree = "<group>"; };
		12A3BC1527300A1F008FF356 /* GoogleService-Info.plist */ = {isa = PBXFileReference; fileEncoding = 4; lastKnownFileType = text.plist.xml; path = "GoogleService-Info.plist"; sourceTree = "<group>"; };
		12B31D332719A43600A8F5FA /* ChatView.swift */ = {isa = PBXFileReference; lastKnownFileType = sourcecode.swift; path = ChatView.swift; sourceTree = "<group>"; };
		12B31D352719A70100A8F5FA /* MessagesView.swift */ = {isa = PBXFileReference; lastKnownFileType = sourcecode.swift; path = MessagesView.swift; sourceTree = "<group>"; };
		12D9CAED271D9D3E00534BDA /* ConversationsView.swift */ = {isa = PBXFileReference; lastKnownFileType = sourcecode.swift; path = ConversationsView.swift; sourceTree = "<group>"; };
		99AFDD947038563E764D9FB9 /* Pods-MicroChat.debug.xcconfig */ = {isa = PBXFileReference; includeInIndex = 1; lastKnownFileType = text.xcconfig; name = "Pods-MicroChat.debug.xcconfig"; path = "Target Support Files/Pods-MicroChat/Pods-MicroChat.debug.xcconfig"; sourceTree = "<group>"; };
		A142DAC7FC9BD6D392B51376 /* Pods-MicroChat.release.xcconfig */ = {isa = PBXFileReference; includeInIndex = 1; lastKnownFileType = text.xcconfig; name = "Pods-MicroChat.release.xcconfig"; path = "Target Support Files/Pods-MicroChat/Pods-MicroChat.release.xcconfig"; sourceTree = "<group>"; };
		D481B4FA6349F0E9A22FBF68 /* Pods_MicroChat.framework */ = {isa = PBXFileReference; explicitFileType = wrapper.framework; includeInIndex = 0; path = Pods_MicroChat.framework; sourceTree = BUILT_PRODUCTS_DIR; };
/* End PBXFileReference section */

/* Begin PBXFrameworksBuildPhase section */
		1285207B2718634800D85A34 /* Frameworks */ = {
			isa = PBXFrameworksBuildPhase;
			buildActionMask = 2147483647;
			files = (
				FA093F861E6492524B665187 /* Pods_MicroChat.framework in Frameworks */,
			);
			runOnlyForDeploymentPostprocessing = 0;
		};
/* End PBXFrameworksBuildPhase section */

/* Begin PBXGroup section */
		128520752718634800D85A34 = {
			isa = PBXGroup;
			children = (
				128520802718634800D85A34 /* MicroChat */,
				1285207F2718634800D85A34 /* Products */,
				2E1EADCECE86E1914CFEBE06 /* Pods */,
				B8DD2AE9A8C431C056996E80 /* Frameworks */,
			);
			sourceTree = "<group>";
		};
		1285207F2718634800D85A34 /* Products */ = {
			isa = PBXGroup;
			children = (
				1285207E2718634800D85A34 /* MicroChat.app */,
			);
			name = Products;
			sourceTree = "<group>";
		};
		128520802718634800D85A34 /* MicroChat */ = {
			isa = PBXGroup;
			children = (
				12A3BC1527300A1F008FF356 /* GoogleService-Info.plist */,
				128520812718634800D85A34 /* MicroChatApp.swift */,
				128520832718634800D85A34 /* ContentView.swift */,
				12D9CAED271D9D3E00534BDA /* ConversationsView.swift */,
				12B31D332719A43600A8F5FA /* ChatView.swift */,
				12B31D352719A70100A8F5FA /* MessagesView.swift */,
				12D9CAEC271D9AB100534BDA /* Components */,
				128520852718634B00D85A34 /* Assets.xcassets */,
				128520872718634B00D85A34 /* Preview Content */,
			);
			path = MicroChat;
			sourceTree = "<group>";
		};
		128520872718634B00D85A34 /* Preview Content */ = {
			isa = PBXGroup;
			children = (
				128520882718634B00D85A34 /* Preview Assets.xcassets */,
			);
			path = "Preview Content";
			sourceTree = "<group>";
		};
		12D9CAEC271D9AB100534BDA /* Components */ = {
			isa = PBXGroup;
			children = (
				1285208F271869D200D85A34 /* TextFieldWithIcon.swift */,
				12852091271869F100D85A34 /* MainButton.swift */,
				1285209327186C3F00D85A34 /* MessageBubble.swift */,
			);
			path = Components;
			sourceTree = "<group>";
		};
		2E1EADCECE86E1914CFEBE06 /* Pods */ = {
			isa = PBXGroup;
			children = (
				99AFDD947038563E764D9FB9 /* Pods-MicroChat.debug.xcconfig */,
				A142DAC7FC9BD6D392B51376 /* Pods-MicroChat.release.xcconfig */,
			);
			name = Pods;
			path = Pods;
			sourceTree = "<group>";
		};
		B8DD2AE9A8C431C056996E80 /* Frameworks */ = {
			isa = PBXGroup;
			children = (
				D481B4FA6349F0E9A22FBF68 /* Pods_MicroChat.framework */,
			);
			name = Frameworks;
			sourceTree = "<group>";
		};
/* End PBXGroup section */

/* Begin PBXNativeTarget section */
		1285207D2718634800D85A34 /* MicroChat */ = {
			isa = PBXNativeTarget;
			buildConfigurationList = 1285208C2718634B00D85A34 /* Build configuration list for PBXNativeTarget "MicroChat" */;
			buildPhases = (
				71F6258A0B146BBBF5D84A9D /* [CP] Check Pods Manifest.lock */,
				1285207A2718634800D85A34 /* Sources */,
				1285207B2718634800D85A34 /* Frameworks */,
				1285207C2718634800D85A34 /* Resources */,
				C8B58B1CB6566EE04A4383AA /* [CP] Embed Pods Frameworks */,
			);
			buildRules = (
			);
			dependencies = (
			);
			name = MicroChat;
			productName = MicroChat;
			productReference = 1285207E2718634800D85A34 /* MicroChat.app */;
			productType = "com.apple.product-type.application";
		};
/* End PBXNativeTarget section */

/* Begin PBXProject section */
		128520762718634800D85A34 /* Project object */ = {
			isa = PBXProject;
			attributes = {
				BuildIndependentTargetsInParallel = 1;
				LastSwiftUpdateCheck = 1300;
				LastUpgradeCheck = 1300;
				TargetAttributes = {
					1285207D2718634800D85A34 = {
						CreatedOnToolsVersion = 13.0;
					};
				};
			};
			buildConfigurationList = 128520792718634800D85A34 /* Build configuration list for PBXProject "MicroChat" */;
			compatibilityVersion = "Xcode 12.0";
			developmentRegion = en;
			hasScannedForEncodings = 0;
			knownRegions = (
				en,
				Base,
			);
			mainGroup = 128520752718634800D85A34;
			productRefGroup = 1285207F2718634800D85A34 /* Products */;
			projectDirPath = "";
			projectRoot = "";
			targets = (
				1285207D2718634800D85A34 /* MicroChat */,
			);
		};
/* End PBXProject section */

/* Begin PBXResourcesBuildPhase section */
		1285207C2718634800D85A34 /* Resources */ = {
			isa = PBXResourcesBuildPhase;
			buildActionMask = 2147483647;
			files = (
				128520892718634B00D85A34 /* Preview Assets.xcassets in Resources */,
				128520862718634B00D85A34 /* Assets.xcassets in Resources */,
				12A3BC1627300A1F008FF356 /* GoogleService-Info.plist in Resources */,
			);
			runOnlyForDeploymentPostprocessing = 0;
		};
/* End PBXResourcesBuildPhase section */

/* Begin PBXShellScriptBuildPhase section */
		71F6258A0B146BBBF5D84A9D /* [CP] Check Pods Manifest.lock */ = {
			isa = PBXShellScriptBuildPhase;
			buildActionMask = 2147483647;
			files = (
			);
			inputFileListPaths = (
			);
			inputPaths = (
				"${PODS_PODFILE_DIR_PATH}/Podfile.lock",
				"${PODS_ROOT}/Manifest.lock",
			);
			name = "[CP] Check Pods Manifest.lock";
			outputFileListPaths = (
			);
			outputPaths = (
				"$(DERIVED_FILE_DIR)/Pods-MicroChat-checkManifestLockResult.txt",
			);
			runOnlyForDeploymentPostprocessing = 0;
			shellPath = /bin/sh;
			shellScript = "diff \"${PODS_PODFILE_DIR_PATH}/Podfile.lock\" \"${PODS_ROOT}/Manifest.lock\" > /dev/null\nif [ $? != 0 ] ; then\n    # print error to STDERR\n    echo \"error: The sandbox is not in sync with the Podfile.lock. Run 'pod install' or update your CocoaPods installation.\" >&2\n    exit 1\nfi\n# This output is used by Xcode 'outputs' to avoid re-running this script phase.\necho \"SUCCESS\" > \"${SCRIPT_OUTPUT_FILE_0}\"\n";
			showEnvVarsInLog = 0;
		};
		C8B58B1CB6566EE04A4383AA /* [CP] Embed Pods Frameworks */ = {
			isa = PBXShellScriptBuildPhase;
			buildActionMask = 2147483647;
			files = (
			);
			inputFileListPaths = (
				"${PODS_ROOT}/Target Support Files/Pods-MicroChat/Pods-MicroChat-frameworks-${CONFIGURATION}-input-files.xcfilelist",
			);
			name = "[CP] Embed Pods Frameworks";
			outputFileListPaths = (
				"${PODS_ROOT}/Target Support Files/Pods-MicroChat/Pods-MicroChat-frameworks-${CONFIGURATION}-output-files.xcfilelist",
			);
			runOnlyForDeploymentPostprocessing = 0;
			shellPath = /bin/sh;
			shellScript = "\"${PODS_ROOT}/Target Support Files/Pods-MicroChat/Pods-MicroChat-frameworks.sh\"\n";
			showEnvVarsInLog = 0;
		};
/* End PBXShellScriptBuildPhase section */

/* Begin PBXSourcesBuildPhase section */
		1285207A2718634800D85A34 /* Sources */ = {
			isa = PBXSourcesBuildPhase;
			buildActionMask = 2147483647;
			files = (
				12852092271869F100D85A34 /* MainButton.swift in Sources */,
				128520842718634800D85A34 /* ContentView.swift in Sources */,
				1285209427186C3F00D85A34 /* MessageBubble.swift in Sources */,
				12D9CAEE271D9D3E00534BDA /* ConversationsView.swift in Sources */,
				12852090271869D200D85A34 /* TextFieldWithIcon.swift in Sources */,
				12B31D362719A70100A8F5FA /* MessagesView.swift in Sources */,
				12B31D342719A43600A8F5FA /* ChatView.swift in Sources */,
				128520822718634800D85A34 /* MicroChatApp.swift in Sources */,
			);
			runOnlyForDeploymentPostprocessing = 0;
		};
/* End PBXSourcesBuildPhase section */

/* Begin XCBuildConfiguration section */
		1285208A2718634B00D85A34 /* Debug */ = {
			isa = XCBuildConfiguration;
			buildSettings = {
				ALWAYS_SEARCH_USER_PATHS = NO;
				CLANG_ANALYZER_NONNULL = YES;
				CLANG_ANALYZER_NUMBER_OBJECT_CONVERSION = YES_AGGRESSIVE;
				CLANG_CXX_LANGUAGE_STANDARD = "gnu++17";
				CLANG_CXX_LIBRARY = "libc++";
				CLANG_ENABLE_MODULES = YES;
				CLANG_ENABLE_OBJC_ARC = YES;
				CLANG_ENABLE_OBJC_WEAK = YES;
				CLANG_WARN_BLOCK_CAPTURE_AUTORELEASING = YES;
				CLANG_WARN_BOOL_CONVERSION = YES;
				CLANG_WARN_COMMA = YES;
				CLANG_WARN_CONSTANT_CONVERSION = YES;
				CLANG_WARN_DEPRECATED_OBJC_IMPLEMENTATIONS = YES;
				CLANG_WARN_DIRECT_OBJC_ISA_USAGE = YES_ERROR;
				CLANG_WARN_DOCUMENTATION_COMMENTS = YES;
				CLANG_WARN_EMPTY_BODY = YES;
				CLANG_WARN_ENUM_CONVERSION = YES;
				CLANG_WARN_INFINITE_RECURSION = YES;
				CLANG_WARN_INT_CONVERSION = YES;
				CLANG_WARN_NON_LITERAL_NULL_CONVERSION = YES;
				CLANG_WARN_OBJC_IMPLICIT_RETAIN_SELF = YES;
				CLANG_WARN_OBJC_LITERAL_CONVERSION = YES;
				CLANG_WARN_OBJC_ROOT_CLASS = YES_ERROR;
				CLANG_WARN_QUOTED_INCLUDE_IN_FRAMEWORK_HEADER = YES;
				CLANG_WARN_RANGE_LOOP_ANALYSIS = YES;
				CLANG_WARN_STRICT_PROTOTYPES = YES;
				CLANG_WARN_SUSPICIOUS_MOVE = YES;
				CLANG_WARN_UNGUARDED_AVAILABILITY = YES_AGGRESSIVE;
				CLANG_WARN_UNREACHABLE_CODE = YES;
				CLANG_WARN__DUPLICATE_METHOD_MATCH = YES;
				COPY_PHASE_STRIP = NO;
				DEBUG_INFORMATION_FORMAT = dwarf;
				ENABLE_STRICT_OBJC_MSGSEND = YES;
				ENABLE_TESTABILITY = YES;
				GCC_C_LANGUAGE_STANDARD = gnu11;
				GCC_DYNAMIC_NO_PIC = NO;
				GCC_NO_COMMON_BLOCKS = YES;
				GCC_OPTIMIZATION_LEVEL = 0;
				GCC_PREPROCESSOR_DEFINITIONS = (
					"DEBUG=1",
					"$(inherited)",
				);
				GCC_WARN_64_TO_32_BIT_CONVERSION = YES;
				GCC_WARN_ABOUT_RETURN_TYPE = YES_ERROR;
				GCC_WARN_UNDECLARED_SELECTOR = YES;
				GCC_WARN_UNINITIALIZED_AUTOS = YES_AGGRESSIVE;
				GCC_WARN_UNUSED_FUNCTION = YES;
				GCC_WARN_UNUSED_VARIABLE = YES;
				IPHONEOS_DEPLOYMENT_TARGET = 12.0;
				MTL_ENABLE_DEBUG_INFO = INCLUDE_SOURCE;
				MTL_FAST_MATH = YES;
				ONLY_ACTIVE_ARCH = YES;
				SDKROOT = iphoneos;
				SWIFT_ACTIVE_COMPILATION_CONDITIONS = DEBUG;
				SWIFT_OPTIMIZATION_LEVEL = "-Onone";
			};
			name = Debug;
		};
		1285208B2718634B00D85A34 /* Release */ = {
			isa = XCBuildConfiguration;
			buildSettings = {
				ALWAYS_SEARCH_USER_PATHS = NO;
				CLANG_ANALYZER_NONNULL = YES;
				CLANG_ANALYZER_NUMBER_OBJECT_CONVERSION = YES_AGGRESSIVE;
				CLANG_CXX_LANGUAGE_STANDARD = "gnu++17";
				CLANG_CXX_LIBRARY = "libc++";
				CLANG_ENABLE_MODULES = YES;
				CLANG_ENABLE_OBJC_ARC = YES;
				CLANG_ENABLE_OBJC_WEAK = YES;
				CLANG_WARN_BLOCK_CAPTURE_AUTORELEASING = YES;
				CLANG_WARN_BOOL_CONVERSION = YES;
				CLANG_WARN_COMMA = YES;
				CLANG_WARN_CONSTANT_CONVERSION = YES;
				CLANG_WARN_DEPRECATED_OBJC_IMPLEMENTATIONS = YES;
				CLANG_WARN_DIRECT_OBJC_ISA_USAGE = YES_ERROR;
				CLANG_WARN_DOCUMENTATION_COMMENTS = YES;
				CLANG_WARN_EMPTY_BODY = YES;
				CLANG_WARN_ENUM_CONVERSION = YES;
				CLANG_WARN_INFINITE_RECURSION = YES;
				CLANG_WARN_INT_CONVERSION = YES;
				CLANG_WARN_NON_LITERAL_NULL_CONVERSION = YES;
				CLANG_WARN_OBJC_IMPLICIT_RETAIN_SELF = YES;
				CLANG_WARN_OBJC_LITERAL_CONVERSION = YES;
				CLANG_WARN_OBJC_ROOT_CLASS = YES_ERROR;
				CLANG_WARN_QUOTED_INCLUDE_IN_FRAMEWORK_HEADER = YES;
				CLANG_WARN_RANGE_LOOP_ANALYSIS = YES;
				CLANG_WARN_STRICT_PROTOTYPES = YES;
				CLANG_WARN_SUSPICIOUS_MOVE = YES;
				CLANG_WARN_UNGUARDED_AVAILABILITY = YES_AGGRESSIVE;
				CLANG_WARN_UNREACHABLE_CODE = YES;
				CLANG_WARN__DUPLICATE_METHOD_MATCH = YES;
				COPY_PHASE_STRIP = NO;
				DEBUG_INFORMATION_FORMAT = "dwarf-with-dsym";
				ENABLE_NS_ASSERTIONS = NO;
				ENABLE_STRICT_OBJC_MSGSEND = YES;
				GCC_C_LANGUAGE_STANDARD = gnu11;
				GCC_NO_COMMON_BLOCKS = YES;
				GCC_WARN_64_TO_32_BIT_CONVERSION = YES;
				GCC_WARN_ABOUT_RETURN_TYPE = YES_ERROR;
				GCC_WARN_UNDECLARED_SELECTOR = YES;
				GCC_WARN_UNINITIALIZED_AUTOS = YES_AGGRESSIVE;
				GCC_WARN_UNUSED_FUNCTION = YES;
				GCC_WARN_UNUSED_VARIABLE = YES;
				IPHONEOS_DEPLOYMENT_TARGET = 12.0;
				MTL_ENABLE_DEBUG_INFO = NO;
				MTL_FAST_MATH = YES;
				SDKROOT = iphoneos;
				SWIFT_COMPILATION_MODE = wholemodule;
				SWIFT_OPTIMIZATION_LEVEL = "-O";
				VALIDATE_PRODUCT = YES;
			};
			name = Release;
		};
		1285208D2718634B00D85A34 /* Debug */ = {
			isa = XCBuildConfiguration;
			baseConfigurationReference = 99AFDD947038563E764D9FB9 /* Pods-MicroChat.debug.xcconfig */;
			buildSettings = {
				ASSETCATALOG_COMPILER_APPICON_NAME = AppIcon;
				ASSETCATALOG_COMPILER_GLOBAL_ACCENT_COLOR_NAME = AccentColor;
				CODE_SIGN_STYLE = Automatic;
				CURRENT_PROJECT_VERSION = 1;
				DEVELOPMENT_ASSET_PATHS = "\"MicroChat/Preview Content\"";
				DEVELOPMENT_TEAM = RPQ3VF2JBZ;
				ENABLE_PREVIEWS = YES;
				GENERATE_INFOPLIST_FILE = YES;
				INFOPLIST_KEY_UIApplicationSceneManifest_Generation = YES;
				INFOPLIST_KEY_UIApplicationSupportsIndirectInputEvents = YES;
				INFOPLIST_KEY_UILaunchScreen_Generation = YES;
				INFOPLIST_KEY_UISupportedInterfaceOrientations_iPad = "UIInterfaceOrientationPortrait UIInterfaceOrientationPortraitUpsideDown UIInterfaceOrientationLandscapeLeft UIInterfaceOrientationLandscapeRight";
				INFOPLIST_KEY_UISupportedInterfaceOrientations_iPhone = "UIInterfaceOrientationPortrait UIInterfaceOrientationLandscapeLeft UIInterfaceOrientationLandscapeRight";
				IPHONEOS_DEPLOYMENT_TARGET = 14.0;
				LD_RUNPATH_SEARCH_PATHS = (
					"$(inherited)",
					"@executable_path/Frameworks",
				);
				MARKETING_VERSION = 1.0;
				PRODUCT_BUNDLE_IDENTIFIER = com.mfsaglam.MicroChat;
				PRODUCT_NAME = "$(TARGET_NAME)";
				SWIFT_EMIT_LOC_STRINGS = YES;
				SWIFT_VERSION = 5.0;
				TARGETED_DEVICE_FAMILY = "1,2";
			};
			name = Debug;
		};
		1285208E2718634B00D85A34 /* Release */ = {
			isa = XCBuildConfiguration;
			baseConfigurationReference = A142DAC7FC9BD6D392B51376 /* Pods-MicroChat.release.xcconfig */;
			buildSettings = {
				ASSETCATALOG_COMPILER_APPICON_NAME = AppIcon;
				ASSETCATALOG_COMPILER_GLOBAL_ACCENT_COLOR_NAME = AccentColor;
				CODE_SIGN_STYLE = Automatic;
				CURRENT_PROJECT_VERSION = 1;
				DEVELOPMENT_ASSET_PATHS = "\"MicroChat/Preview Content\"";
				DEVELOPMENT_TEAM = RPQ3VF2JBZ;
				ENABLE_PREVIEWS = YES;
				GENERATE_INFOPLIST_FILE = YES;
				INFOPLIST_KEY_UIApplicationSceneManifest_Generation = YES;
				INFOPLIST_KEY_UIApplicationSupportsIndirectInputEvents = YES;
				INFOPLIST_KEY_UILaunchScreen_Generation = YES;
				INFOPLIST_KEY_UISupportedInterfaceOrientations_iPad = "UIInterfaceOrientationPortrait UIInterfaceOrientationPortraitUpsideDown UIInterfaceOrientationLandscapeLeft UIInterfaceOrientationLandscapeRight";
				INFOPLIST_KEY_UISupportedInterfaceOrientations_iPhone = "UIInterfaceOrientationPortrait UIInterfaceOrientationLandscapeLeft UIInterfaceOrientationLandscapeRight";
				IPHONEOS_DEPLOYMENT_TARGET = 14.0;
				LD_RUNPATH_SEARCH_PATHS = (
					"$(inherited)",
					"@executable_path/Frameworks",
				);
				MARKETING_VERSION = 1.0;
				PRODUCT_BUNDLE_IDENTIFIER = com.mfsaglam.MicroChat;
				PRODUCT_NAME = "$(TARGET_NAME)";
				SWIFT_EMIT_LOC_STRINGS = YES;
				SWIFT_VERSION = 5.0;
				TARGETED_DEVICE_FAMILY = "1,2";
			};
			name = Release;
		};
/* End XCBuildConfiguration section */

/* Begin XCConfigurationList section */
		128520792718634800D85A34 /* Build configuration list for PBXProject "MicroChat" */ = {
			isa = XCConfigurationList;
			buildConfigurations = (
				1285208A2718634B00D85A34 /* Debug */,
				1285208B2718634B00D85A34 /* Release */,
			);
			defaultConfigurationIsVisible = 0;
			defaultConfigurationName = Release;
		};
		1285208C2718634B00D85A34 /* Build configuration list for PBXNativeTarget "MicroChat" */ = {
			isa = XCConfigurationList;
			buildConfigurations = (
				1285208D2718634B00D85A34 /* Debug */,
				1285208E2718634B00D85A34 /* Release */,
			);
			defaultConfigurationIsVisible = 0;
			defaultConfigurationName = Release;
		};
/* End XCConfigurationList section */
	};
	rootObject = 128520762718634800D85A34 /* Project object */;
}
